
Microsoft Visual Studio Solution File, Format Version 12.00
# Visual Studio Version 17
VisualStudioVersion = 17.0.32112.339
MinimumVisualStudioVersion = 10.0.40219.1
Project("{FAE04EC0-301F-11D3-BF4B-00C04F79EFBC}") = "webapi.usage.example.api", "webapi.usage.example.api\webapi.usage.example.api.csproj", "{0F0E98BF-4FFB-4ECB-B9E4-35A1BE5F4A23}"
EndProject
Global
	GlobalSection(SolutionConfigurationPlatforms) = preSolution
		Debug|Any CPU = Debug|Any CPU
		Release|Any CPU = Release|Any CPU
	EndGlobalSection
	GlobalSection(ProjectConfigurationPlatforms) = postSolution
		{0F0E98BF-4FFB-4ECB-B9E4-35A1BE5F4A23}.Debug|Any CPU.ActiveCfg = Debug|Any CPU
		{0F0E98BF-4FFB-4ECB-B9E4-35A1BE5F4A23}.Debug|Any CPU.Build.0 = Debug|Any CPU
		{0F0E98BF-4FFB-4ECB-B9E4-35A1BE5F4A23}.Release|Any CPU.ActiveCfg = Release|Any CPU
		{0F0E98BF-4FFB-4ECB-B9E4-35A1BE5F4A23}.Release|Any CPU.Build.0 = Release|Any CPU
	EndGlobalSection
	GlobalSection(SolutionProperties) = preSolution
		HideSolutionNode = FALSE
	EndGlobalSection
	GlobalSection(ExtensibilityGlobals) = postSolution
		SolutionGuid = {8229952F-C445-443C-9039-C32C61C5E5F9}
	EndGlobalSection
EndGlobal
