
Microsoft Visual Studio Solution File, Format Version 12.00
# Visual Studio Version 17
VisualStudioVersion = 17.0.32112.339
MinimumVisualStudioVersion = 10.0.40219.1
Project("{9A19103F-16F7-4668-BE54-9A1E7A4F7556}") = "J789.Library.Core.Abstraction", "J789.Library.Core.Abstraction\J789.Library.Core.Abstraction.csproj", "{459700B8-6B30-4164-B54E-2D98DA3FFEA9}"
EndProject
Project("{9A19103F-16F7-4668-BE54-9A1E7A4F7556}") = "J789.Library.Core", "J789.Library.Core\J789.Library.Core.csproj", "{F4DD3AE0-2C96-4510-958E-AA5E5174EC7B}"
EndProject
Project("{9A19103F-16F7-4668-BE54-9A1E7A4F7556}") = "J789.Library.Core.UnitTests", "J789.Library.Core.UnitTests\J789.Library.Core.UnitTests.csproj", "{24F69DE4-EC99-4B81-B20D-2DAA2B09ED3D}"
EndProject
Project("{2150E333-8FDC-42A3-9474-1A3956D46DE8}") = "Core", "Core", "{57C7FC46-FC45-437E-9833-6B3DAD45C5F9}"
EndProject
Project("{2150E333-8FDC-42A3-9474-1A3956D46DE8}") = "DependencyInjection", "DependencyInjection", "{AF5B6423-D9D8-4DAB-B8C5-72C1A8C42FC4}"
EndProject
Project("{9A19103F-16F7-4668-BE54-9A1E7A4F7556}") = "J789.Library.DependencyInjection.Abstraction", "J789.Library.DependencyInjection.Abstraction\J789.Library.DependencyInjection.Abstraction.csproj", "{8C4F118D-FA96-4E6C-BAE6-602071617C25}"
EndProject
Project("{9A19103F-16F7-4668-BE54-9A1E7A4F7556}") = "J789.Library.DependencyInjection.NetCore", "J789.Library.DependencyInjection.NetCore\J789.Library.DependencyInjection.NetCore.csproj", "{244338C5-1276-4838-BBD6-5C4D6730832C}"
EndProject
Project("{9A19103F-16F7-4668-BE54-9A1E7A4F7556}") = "J789.Library.DependencyInjection.Lamar", "J789.Library.DependencyInjection.Lamar\J789.Library.DependencyInjection.Lamar.csproj", "{21FB51C5-735C-4416-B088-D96A9D8EACB8}"
EndProject
Project("{9A19103F-16F7-4668-BE54-9A1E7A4F7556}") = "J789.Library.DependencyInjection.UnitTests", "J789.Library.DependencyInjection.UnitTests\J789.Library.DependencyInjection.UnitTests.csproj", "{D6491347-9E8D-4E78-97D0-B42FC2340F6F}"
EndProject
Project("{2150E333-8FDC-42A3-9474-1A3956D46DE8}") = "Data", "Data", "{E9FFE13D-406E-4F16-87E1-C08AD402B9C3}"
EndProject
Project("{9A19103F-16F7-4668-BE54-9A1E7A4F7556}") = "J789.Library.Data.Abstraction", "J789.Library.Data.Abstraction\J789.Library.Data.Abstraction.csproj", "{A03F603D-D68E-44CF-B9B0-BB95779A5D25}"
EndProject
Project("{9A19103F-16F7-4668-BE54-9A1E7A4F7556}") = "J789.Library.Data", "J789.Library.Data\J789.Library.Data.csproj", "{C935D75B-6651-459D-A233-30382DEE999C}"
EndProject
Project("{9A19103F-16F7-4668-BE54-9A1E7A4F7556}") = "J789.Library.Data.EFCore.Abstraction", "J789.Library.Data.EFCore.Abstraction\J789.Library.Data.EFCore.Abstraction.csproj", "{A1D7ED59-D743-4EA8-BE3A-13958A1E36AD}"
EndProject
Project("{9A19103F-16F7-4668-BE54-9A1E7A4F7556}") = "J789.Library.Data.EFCore", "J789.Library.Data.EFCore\J789.Library.Data.EFCore.csproj", "{7A0F67A8-56CD-4C5A-A4F4-C854091D0837}"
EndProject
Project("{9A19103F-16F7-4668-BE54-9A1E7A4F7556}") = "J789.Library.Data.Caching", "J789.Library.Data.Caching\J789.Library.Data.Caching.csproj", "{57B6AFE4-86EF-4521-A263-D8C62191F544}"
EndProject
Project("{9A19103F-16F7-4668-BE54-9A1E7A4F7556}") = "J789.Library.Data.UnitTests", "J789.Library.Data.UnitTests\J789.Library.Data.UnitTests.csproj", "{0515C762-164D-400A-8150-D0AB85EE0D0B}"
EndProject
Project("{2150E333-8FDC-42A3-9474-1A3956D46DE8}") = "Integration", "Integration", "{667F979F-C5EB-4576-B8FD-F61C4A895443}"
EndProject
Project("{9A19103F-16F7-4668-BE54-9A1E7A4F7556}") = "J789.Library.Integration", "J789.Library.Integration\J789.Library.Integration.csproj", "{FD1763D6-7B60-4306-A2B4-2A0564AFB797}"
EndProject
Project("{9A19103F-16F7-4668-BE54-9A1E7A4F7556}") = "J789.Library.Integration.Abstraction", "J789.Library.Integration.Abstraction\J789.Library.Integration.Abstraction.csproj", "{B3729F1C-D4AB-4F1D-97EE-0AE954125A3F}"
EndProject
Project("{9A19103F-16F7-4668-BE54-9A1E7A4F7556}") = "J789.Library.Integration.MassTransit", "J789.Library.Integration.MassTransit\J789.Library.Integration.MassTransit.csproj", "{32825378-9351-47A8-ACBA-F9A2CB51B7BD}"
EndProject
Project("{9A19103F-16F7-4668-BE54-9A1E7A4F7556}") = "J789.Library.Integration.UnitTests", "J789.Library.Integration.UnitTests\J789.Library.Integration.UnitTests.csproj", "{5D445CF6-1137-4DB6-877F-2DDCCC09895B}"
EndProject
Project("{2150E333-8FDC-42A3-9474-1A3956D46DE8}") = "Solution Items", "Solution Items", "{6A2A03B5-F68E-46FD-A53D-32B35D8F8B87}"
	ProjectSection(SolutionItems) = preProject
		assets\j789 library logo@128x128.png = assets\j789 library logo@128x128.png
		nuget.config = nuget.config
		version.json = version.json
	EndProjectSection
EndProject
Project("{2150E333-8FDC-42A3-9474-1A3956D46DE8}") = "Api", "Api", "{866BFF83-96DD-4904-9CB0-BF160B3B3A67}"
EndProject
Project("{FAE04EC0-301F-11D3-BF4B-00C04F79EFBC}") = "J789.Library.Api", "J789.Library.Api\J789.Library.Api.csproj", "{EB35A346-729A-4801-86A5-A2F9ED2CCDFB}"
EndProject
Project("{FAE04EC0-301F-11D3-BF4B-00C04F79EFBC}") = "J789.Library.Api.UnitTests", "J789.Library.Api.UnitTests\J789.Library.Api.UnitTests.csproj", "{698565DE-7955-4C32-9207-FC75E95FFB15}"
EndProject
Global
	GlobalSection(SolutionConfigurationPlatforms) = preSolution
		Debug|Any CPU = Debug|Any CPU
		Release|Any CPU = Release|Any CPU
	EndGlobalSection
	GlobalSection(ProjectConfigurationPlatforms) = postSolution
		{459700B8-6B30-4164-B54E-2D98DA3FFEA9}.Debug|Any CPU.ActiveCfg = Debug|Any CPU
		{459700B8-6B30-4164-B54E-2D98DA3FFEA9}.Debug|Any CPU.Build.0 = Debug|Any CPU
		{459700B8-6B30-4164-B54E-2D98DA3FFEA9}.Release|Any CPU.ActiveCfg = Release|Any CPU
		{459700B8-6B30-4164-B54E-2D98DA3FFEA9}.Release|Any CPU.Build.0 = Release|Any CPU
		{F4DD3AE0-2C96-4510-958E-AA5E5174EC7B}.Debug|Any CPU.ActiveCfg = Debug|Any CPU
		{F4DD3AE0-2C96-4510-958E-AA5E5174EC7B}.Debug|Any CPU.Build.0 = Debug|Any CPU
		{F4DD3AE0-2C96-4510-958E-AA5E5174EC7B}.Release|Any CPU.ActiveCfg = Release|Any CPU
		{F4DD3AE0-2C96-4510-958E-AA5E5174EC7B}.Release|Any CPU.Build.0 = Release|Any CPU
		{24F69DE4-EC99-4B81-B20D-2DAA2B09ED3D}.Debug|Any CPU.ActiveCfg = Debug|Any CPU
		{24F69DE4-EC99-4B81-B20D-2DAA2B09ED3D}.Debug|Any CPU.Build.0 = Debug|Any CPU
		{24F69DE4-EC99-4B81-B20D-2DAA2B09ED3D}.Release|Any CPU.ActiveCfg = Release|Any CPU
		{24F69DE4-EC99-4B81-B20D-2DAA2B09ED3D}.Release|Any CPU.Build.0 = Release|Any CPU
		{8C4F118D-FA96-4E6C-BAE6-602071617C25}.Debug|Any CPU.ActiveCfg = Debug|Any CPU
		{8C4F118D-FA96-4E6C-BAE6-602071617C25}.Debug|Any CPU.Build.0 = Debug|Any CPU
		{8C4F118D-FA96-4E6C-BAE6-602071617C25}.Release|Any CPU.ActiveCfg = Release|Any CPU
		{8C4F118D-FA96-4E6C-BAE6-602071617C25}.Release|Any CPU.Build.0 = Release|Any CPU
		{244338C5-1276-4838-BBD6-5C4D6730832C}.Debug|Any CPU.ActiveCfg = Debug|Any CPU
		{244338C5-1276-4838-BBD6-5C4D6730832C}.Debug|Any CPU.Build.0 = Debug|Any CPU
		{244338C5-1276-4838-BBD6-5C4D6730832C}.Release|Any CPU.ActiveCfg = Release|Any CPU
		{244338C5-1276-4838-BBD6-5C4D6730832C}.Release|Any CPU.Build.0 = Release|Any CPU
		{21FB51C5-735C-4416-B088-D96A9D8EACB8}.Debug|Any CPU.ActiveCfg = Debug|Any CPU
		{21FB51C5-735C-4416-B088-D96A9D8EACB8}.Debug|Any CPU.Build.0 = Debug|Any CPU
		{21FB51C5-735C-4416-B088-D96A9D8EACB8}.Release|Any CPU.ActiveCfg = Release|Any CPU
		{21FB51C5-735C-4416-B088-D96A9D8EACB8}.Release|Any CPU.Build.0 = Release|Any CPU
		{D6491347-9E8D-4E78-97D0-B42FC2340F6F}.Debug|Any CPU.ActiveCfg = Debug|Any CPU
		{D6491347-9E8D-4E78-97D0-B42FC2340F6F}.Debug|Any CPU.Build.0 = Debug|Any CPU
		{D6491347-9E8D-4E78-97D0-B42FC2340F6F}.Release|Any CPU.ActiveCfg = Release|Any CPU
		{D6491347-9E8D-4E78-97D0-B42FC2340F6F}.Release|Any CPU.Build.0 = Release|Any CPU
		{A03F603D-D68E-44CF-B9B0-BB95779A5D25}.Debug|Any CPU.ActiveCfg = Debug|Any CPU
		{A03F603D-D68E-44CF-B9B0-BB95779A5D25}.Debug|Any CPU.Build.0 = Debug|Any CPU
		{A03F603D-D68E-44CF-B9B0-BB95779A5D25}.Release|Any CPU.ActiveCfg = Release|Any CPU
		{A03F603D-D68E-44CF-B9B0-BB95779A5D25}.Release|Any CPU.Build.0 = Release|Any CPU
		{C935D75B-6651-459D-A233-30382DEE999C}.Debug|Any CPU.ActiveCfg = Debug|Any CPU
		{C935D75B-6651-459D-A233-30382DEE999C}.Debug|Any CPU.Build.0 = Debug|Any CPU
		{C935D75B-6651-459D-A233-30382DEE999C}.Release|Any CPU.ActiveCfg = Release|Any CPU
		{C935D75B-6651-459D-A233-30382DEE999C}.Release|Any CPU.Build.0 = Release|Any CPU
		{A1D7ED59-D743-4EA8-BE3A-13958A1E36AD}.Debug|Any CPU.ActiveCfg = Debug|Any CPU
		{A1D7ED59-D743-4EA8-BE3A-13958A1E36AD}.Debug|Any CPU.Build.0 = Debug|Any CPU
		{A1D7ED59-D743-4EA8-BE3A-13958A1E36AD}.Release|Any CPU.ActiveCfg = Release|Any CPU
		{A1D7ED59-D743-4EA8-BE3A-13958A1E36AD}.Release|Any CPU.Build.0 = Release|Any CPU
		{7A0F67A8-56CD-4C5A-A4F4-C854091D0837}.Debug|Any CPU.ActiveCfg = Debug|Any CPU
		{7A0F67A8-56CD-4C5A-A4F4-C854091D0837}.Debug|Any CPU.Build.0 = Debug|Any CPU
		{7A0F67A8-56CD-4C5A-A4F4-C854091D0837}.Release|Any CPU.ActiveCfg = Release|Any CPU
		{7A0F67A8-56CD-4C5A-A4F4-C854091D0837}.Release|Any CPU.Build.0 = Release|Any CPU
		{57B6AFE4-86EF-4521-A263-D8C62191F544}.Debug|Any CPU.ActiveCfg = Debug|Any CPU
		{57B6AFE4-86EF-4521-A263-D8C62191F544}.Debug|Any CPU.Build.0 = Debug|Any CPU
		{57B6AFE4-86EF-4521-A263-D8C62191F544}.Release|Any CPU.ActiveCfg = Release|Any CPU
		{57B6AFE4-86EF-4521-A263-D8C62191F544}.Release|Any CPU.Build.0 = Release|Any CPU
		{0515C762-164D-400A-8150-D0AB85EE0D0B}.Debug|Any CPU.ActiveCfg = Debug|Any CPU
		{0515C762-164D-400A-8150-D0AB85EE0D0B}.Debug|Any CPU.Build.0 = Debug|Any CPU
		{0515C762-164D-400A-8150-D0AB85EE0D0B}.Release|Any CPU.ActiveCfg = Release|Any CPU
		{0515C762-164D-400A-8150-D0AB85EE0D0B}.Release|Any CPU.Build.0 = Release|Any CPU
		{FD1763D6-7B60-4306-A2B4-2A0564AFB797}.Debug|Any CPU.ActiveCfg = Debug|Any CPU
		{FD1763D6-7B60-4306-A2B4-2A0564AFB797}.Debug|Any CPU.Build.0 = Debug|Any CPU
		{FD1763D6-7B60-4306-A2B4-2A0564AFB797}.Release|Any CPU.ActiveCfg = Release|Any CPU
		{FD1763D6-7B60-4306-A2B4-2A0564AFB797}.Release|Any CPU.Build.0 = Release|Any CPU
		{B3729F1C-D4AB-4F1D-97EE-0AE954125A3F}.Debug|Any CPU.ActiveCfg = Debug|Any CPU
		{B3729F1C-D4AB-4F1D-97EE-0AE954125A3F}.Debug|Any CPU.Build.0 = Debug|Any CPU
		{B3729F1C-D4AB-4F1D-97EE-0AE954125A3F}.Release|Any CPU.ActiveCfg = Release|Any CPU
		{B3729F1C-D4AB-4F1D-97EE-0AE954125A3F}.Release|Any CPU.Build.0 = Release|Any CPU
		{32825378-9351-47A8-ACBA-F9A2CB51B7BD}.Debug|Any CPU.ActiveCfg = Debug|Any CPU
		{32825378-9351-47A8-ACBA-F9A2CB51B7BD}.Debug|Any CPU.Build.0 = Debug|Any CPU
		{32825378-9351-47A8-ACBA-F9A2CB51B7BD}.Release|Any CPU.ActiveCfg = Release|Any CPU
		{32825378-9351-47A8-ACBA-F9A2CB51B7BD}.Release|Any CPU.Build.0 = Release|Any CPU
		{5D445CF6-1137-4DB6-877F-2DDCCC09895B}.Debug|Any CPU.ActiveCfg = Debug|Any CPU
		{5D445CF6-1137-4DB6-877F-2DDCCC09895B}.Debug|Any CPU.Build.0 = Debug|Any CPU
		{5D445CF6-1137-4DB6-877F-2DDCCC09895B}.Release|Any CPU.ActiveCfg = Release|Any CPU
		{5D445CF6-1137-4DB6-877F-2DDCCC09895B}.Release|Any CPU.Build.0 = Release|Any CPU
		{EB35A346-729A-4801-86A5-A2F9ED2CCDFB}.Debug|Any CPU.ActiveCfg = Debug|Any CPU
		{EB35A346-729A-4801-86A5-A2F9ED2CCDFB}.Debug|Any CPU.Build.0 = Debug|Any CPU
		{EB35A346-729A-4801-86A5-A2F9ED2CCDFB}.Release|Any CPU.ActiveCfg = Release|Any CPU
		{EB35A346-729A-4801-86A5-A2F9ED2CCDFB}.Release|Any CPU.Build.0 = Release|Any CPU
		{698565DE-7955-4C32-9207-FC75E95FFB15}.Debug|Any CPU.ActiveCfg = Debug|Any CPU
		{698565DE-7955-4C32-9207-FC75E95FFB15}.Debug|Any CPU.Build.0 = Debug|Any CPU
		{698565DE-7955-4C32-9207-FC75E95FFB15}.Release|Any CPU.ActiveCfg = Release|Any CPU
		{698565DE-7955-4C32-9207-FC75E95FFB15}.Release|Any CPU.Build.0 = Release|Any CPU
	EndGlobalSection
	GlobalSection(SolutionProperties) = preSolution
		HideSolutionNode = FALSE
	EndGlobalSection
	GlobalSection(NestedProjects) = preSolution
		{459700B8-6B30-4164-B54E-2D98DA3FFEA9} = {57C7FC46-FC45-437E-9833-6B3DAD45C5F9}
		{F4DD3AE0-2C96-4510-958E-AA5E5174EC7B} = {57C7FC46-FC45-437E-9833-6B3DAD45C5F9}
		{24F69DE4-EC99-4B81-B20D-2DAA2B09ED3D} = {57C7FC46-FC45-437E-9833-6B3DAD45C5F9}
		{8C4F118D-FA96-4E6C-BAE6-602071617C25} = {AF5B6423-D9D8-4DAB-B8C5-72C1A8C42FC4}
		{244338C5-1276-4838-BBD6-5C4D6730832C} = {AF5B6423-D9D8-4DAB-B8C5-72C1A8C42FC4}
		{21FB51C5-735C-4416-B088-D96A9D8EACB8} = {AF5B6423-D9D8-4DAB-B8C5-72C1A8C42FC4}
		{D6491347-9E8D-4E78-97D0-B42FC2340F6F} = {AF5B6423-D9D8-4DAB-B8C5-72C1A8C42FC4}
		{A03F603D-D68E-44CF-B9B0-BB95779A5D25} = {E9FFE13D-406E-4F16-87E1-C08AD402B9C3}
		{C935D75B-6651-459D-A233-30382DEE999C} = {E9FFE13D-406E-4F16-87E1-C08AD402B9C3}
		{A1D7ED59-D743-4EA8-BE3A-13958A1E36AD} = {E9FFE13D-406E-4F16-87E1-C08AD402B9C3}
		{7A0F67A8-56CD-4C5A-A4F4-C854091D0837} = {E9FFE13D-406E-4F16-87E1-C08AD402B9C3}
		{57B6AFE4-86EF-4521-A263-D8C62191F544} = {E9FFE13D-406E-4F16-87E1-C08AD402B9C3}
		{0515C762-164D-400A-8150-D0AB85EE0D0B} = {E9FFE13D-406E-4F16-87E1-C08AD402B9C3}
		{FD1763D6-7B60-4306-A2B4-2A0564AFB797} = {667F979F-C5EB-4576-B8FD-F61C4A895443}
		{B3729F1C-D4AB-4F1D-97EE-0AE954125A3F} = {667F979F-C5EB-4576-B8FD-F61C4A895443}
		{32825378-9351-47A8-ACBA-F9A2CB51B7BD} = {667F979F-C5EB-4576-B8FD-F61C4A895443}
		{5D445CF6-1137-4DB6-877F-2DDCCC09895B} = {667F979F-C5EB-4576-B8FD-F61C4A895443}
		{EB35A346-729A-4801-86A5-A2F9ED2CCDFB} = {866BFF83-96DD-4904-9CB0-BF160B3B3A67}
		{698565DE-7955-4C32-9207-FC75E95FFB15} = {866BFF83-96DD-4904-9CB0-BF160B3B3A67}
	EndGlobalSection
	GlobalSection(ExtensibilityGlobals) = postSolution
		SolutionGuid = {7F0AD7B6-8976-4E16-B5D5-603ABAF337D2}
	EndGlobalSection
EndGlobal
